# THIS IS AN AUTOGENERATED FILE. DO NOT EDIT THIS FILE DIRECTLY.
# yarn lockfile v1


"@highlightjs/vue-plugin@^0.9.0":
  version "0.9.0"
  resolved "https://registry.npmjs.org/@highlightjs/vue-plugin/-/vue-plugin-0.9.0.tgz#be6ce6b72026cbd1837b1f606e3174dabcc8a694"
  integrity sha512-XFyX/yFrlBiUD92H5I5rhNEAQm3DymykFXcC8htmUReW2Sdf6fmkKBdoGd2sTI5evBrdguN3DcyTVsT1H5Zj8Q==
  dependencies:
    highlight.js "^10.7.1"

highlight.js@10.7.0:
  version "10.7.0"
  resolved "https://registry.npmjs.org/highlight.js/-/highlight.js-10.7.0.tgz#2b4232f45f000a72ae6ef05fe83b831d75add6cb"
  integrity sha512-2omq9bKvr0BkwZRLhyjoDd1muuuMsacFY2qoIt/Eu8JoZyJaGm8oQKviiOC/QbJqEeZp9c0BikDr0Jz4kWd8Ag==

highlight.js@^10.7.1:
  version "10.7.2"
  resolved "https://registry.npmjs.org/highlight.js/-/highlight.js-10.7.2.tgz#89319b861edc66c48854ed1e6da21ea89f847360"
  integrity sha512-oFLl873u4usRM9K63j4ME9u3etNF0PLiJhSQ8rdfuL51Wn3zkD6drf9ZW0dOzjnZI22YYG24z30JcmfCZjMgYg==
